<?xml version="1.0" encoding="UTF-8" standalone="yes" ?>
<CodeBlocks_project_file>
	<FileVersion major="1" minor="6" />
	<Project>
		<Option title="Faux-Paint" />
		<Option pch_mode="2" />
		<Option compiler="gcc" />
		<Build>
			<Target title="Debug">
				<Option output="bin/Debug/ProgDebug" prefix_auto="1" extension_auto="1" />
				<Option object_output="obj/Debug/" />
				<Option type="1" />
				<Option compiler="gcc" />
				<Compiler>
					<Add option="-g" />
					<Add option="-DGLEW_STATIC" />
					<Add directory="include" />
					<Add directory="include/tool" />
					<Add directory="include/render" />
					<Add directory="include/ui" />
				</Compiler>
				<Linker>
					<Add library="sfml-graphics-d" />
					<Add library="sfml-window-d" />
					<Add library="sfml-system-d" />
				</Linker>
			</Target>
			<Target title="Release">
				<Option output="bin/Release/ProgRelease" prefix_auto="1" extension_auto="1" />
				<Option object_output="obj/Release/" />
				<Option type="0" />
				<Option compiler="gcc" />
				<Compiler>
					<Add option="-O2" />
					<Add directory="include" />
					<Add directory="include/tool" />
					<Add directory="include/render" />
					<Add directory="include/ui" />
				</Compiler>
				<Linker>
					<Add option="-s" />
					<Add library="sfml-graphics" />
					<Add library="sfml-window" />
					<Add library="sfml-system" />
				</Linker>
			</Target>
		</Build>
		<Compiler>
			<Add option="-Wall" />
			<Add option="-DSFML_DYNAMIC" />
			<Add directory="C:/Program Files (x86)/CodeBlocks/MinGW/include" />
		</Compiler>
		<Linker>
			<Add library="mingw32" />
			<Add library="user32" />
			<Add library="gdi32" />
			<Add library="winmm" />
			<Add library="dxguid" />
			<Add library="glew32" />
			<Add library="opengl32" />
			<Add library="glu32" />
			<Add library="freetype" />
			<Add directory="C:/Program Files (x86)/CodeBlocks/MinGW/lib" />
		</Linker>
		<Unit filename="AspectRatioVert.glsl" />
		<Unit filename="PassThroughFrag.glsl" />
		<Unit filename="include/render/Background.h" />
		<Unit filename="include/render/Box.h" />
		<Unit filename="include/render/Drawable.h" />
		<Unit filename="include/render/FreeformLine.h" />
		<Unit filename="include/render/GraphicsEngine.h" />
		<Unit filename="include/render/LineSeg.h" />
		<Unit filename="include/render/PointBlob.h" />
		<Unit filename="include/render/TexturedBox.h" />
		<Unit filename="include/tool/Tool.h" />
		<Unit filename="include/tool/ToolBox.h" />
		<Unit filename="include/tool/ToolContext.h" />
		<Unit filename="include/tool/ToolDraw.h" />
		<Unit filename="include/tool/ToolFill.h" />
		<Unit filename="include/tool/ToolLine.h" />
		<Unit filename="include/ui/Button.h" />
		<Unit filename="include/ui/ButtonTool.h" />
		<Unit filename="include/ui/ColorPicker.h" />
		<Unit filename="include/ui/Listeners.h" />
		<Unit filename="include/ui/Slider.h" />
		<Unit filename="include/ui/TextRendererTTF.h" />
		<Unit filename="include/ui/ToolPanel.h" />
		<Unit filename="include/ui/UI.h" />
		<Unit filename="include/util/LoadShaders.h" />
		<Unit filename="include/util/ProgramDefines.h" />
		<Unit filename="include/util/utils.h" />
		<Unit filename="main.cpp" />
		<Unit filename="src/render/Background.cpp" />
		<Unit filename="src/render/Box.cpp" />
		<Unit filename="src/render/Drawable.cpp" />
		<Unit filename="src/render/FreeformLine.cpp" />
		<Unit filename="src/render/GraphicsEngine.cpp" />
		<Unit filename="src/render/LineSeg.cpp" />
		<Unit filename="src/render/PointBlob.cpp" />
		<Unit filename="src/render/TexturedBox.cpp" />
		<Unit filename="src/tool/ToolBox.cpp" />
		<Unit filename="src/tool/ToolDraw.cpp" />
		<Unit filename="src/tool/ToolFill.cpp" />
		<Unit filename="src/tool/ToolLine.cpp" />
		<Unit filename="src/ui/Button.cpp" />
		<Unit filename="src/ui/ButtonTool.cpp" />
		<Unit filename="src/ui/ColorPicker.cpp" />
		<Unit filename="src/ui/Listener.cpp" />
		<Unit filename="src/ui/Slider.cpp" />
		<Unit filename="src/ui/TextRendererTTF.cpp" />
		<Unit filename="src/ui/ToolPanel.cpp" />
		<Unit filename="src/ui/UI.cpp" />
		<Unit filename="src/util/LoadShaders.cpp" />
		<Unit filename="src/util/utils.cpp" />
		<Extensions>
			<code_completion />
			<envvars />
			<debugger />
		</Extensions>
	</Project>
</CodeBlocks_project_file>
